
Microsoft Visual Studio Solution File, Format Version 12.00
# Visual Studio Version 17
VisualStudioVersion = 17.2.32630.192
MinimumVisualStudioVersion = 10.0.40219.1
Project("{9A19103F-16F7-4668-BE54-9A1E7A4F7556}") = "R5T.T0201.Construction", "R5T.T0201.Construction\R5T.T0201.Construction.csproj", "{395475D6-A5CA-4276-8C66-7BC300BB0892}"
EndProject
Project("{9A19103F-16F7-4668-BE54-9A1E7A4F7556}") = "R5T.T0201", "R5T.T0201\R5T.T0201.csproj", "{CC6EDE14-BB6F-4E95-A3CC-5B92CC6382A7}"
EndProject
Project("{2150E333-8FDC-42A3-9474-1A3956D46DE8}") = "_Dependencies", "_Dependencies", "{BC6B82F6-BBA4-4385-A147-E9E9CB3F2992}"
EndProject
Project("{9A19103F-16F7-4668-BE54-9A1E7A4F7556}") = "R5T.T0142", "..\..\R5T.T0142\source\R5T.T0142\R5T.T0142.csproj", "{09C8E7CA-7DC2-43DB-906E-8EFC432B694F}"
EndProject
Project("{9A19103F-16F7-4668-BE54-9A1E7A4F7556}") = "R5T.T0143", "..\..\R5T.T0143\source\R5T.T0143\R5T.T0143.csproj", "{F5E12D0D-D44E-40B6-85B2-B370619ACA8C}"
EndProject
Project("{9A19103F-16F7-4668-BE54-9A1E7A4F7556}") = "R5T.T0132", "..\..\R5T.T0132\source\R5T.T0132\R5T.T0132.csproj", "{2539B9EF-1ACD-4547-A151-2E98B42CD5CE}"
EndProject
Project("{9A19103F-16F7-4668-BE54-9A1E7A4F7556}") = "R5T.T0150", "..\..\R5T.T0150\source\R5T.T0150\R5T.T0150.csproj", "{15797B07-FB21-4B65-BE1A-D0EFB0F86894}"
EndProject
Project("{9A19103F-16F7-4668-BE54-9A1E7A4F7556}") = "R5T.T0151", "..\..\R5T.T0151\source\R5T.T0151\R5T.T0151.csproj", "{86D48792-50AD-42E9-A61A-E79B43B9E90E}"
EndProject
Project("{9A19103F-16F7-4668-BE54-9A1E7A4F7556}") = "R5T.T0172", "..\..\R5T.T0172\source\R5T.T0172\R5T.T0172.csproj", "{588FC2AE-F110-431C-A537-86107D1F440C}"
EndProject
Project("{9A19103F-16F7-4668-BE54-9A1E7A4F7556}") = "R5T.T0178", "..\..\R5T.T0178\source\R5T.T0178\R5T.T0178.csproj", "{C136B4DB-7074-436D-8BE0-EE4546761B97}"
EndProject
Project("{9A19103F-16F7-4668-BE54-9A1E7A4F7556}") = "R5T.T0179", "..\..\R5T.T0179\source\R5T.T0179\R5T.T0179.csproj", "{E7E12FB7-F158-41C9-9B11-AAA571B44403}"
EndProject
Project("{9A19103F-16F7-4668-BE54-9A1E7A4F7556}") = "R5T.T0180", "..\..\R5T.T0180\source\R5T.T0180\R5T.T0180.csproj", "{DD64ACC6-B606-4928-ACEB-089D9BB4F4D9}"
EndProject
Project("{9A19103F-16F7-4668-BE54-9A1E7A4F7556}") = "R5T.T0181", "..\..\R5T.T0181\source\R5T.T0181\R5T.T0181.csproj", "{4C3F738C-6E3B-457C-9578-DF8217A125A0}"
EndProject
Global
	GlobalSection(NestedProjects) = preSolution
		{09C8E7CA-7DC2-43DB-906E-8EFC432B694F} = {BC6B82F6-BBA4-4385-A147-E9E9CB3F2992}
		{F5E12D0D-D44E-40B6-85B2-B370619ACA8C} = {BC6B82F6-BBA4-4385-A147-E9E9CB3F2992}
		{2539B9EF-1ACD-4547-A151-2E98B42CD5CE} = {BC6B82F6-BBA4-4385-A147-E9E9CB3F2992}
		{15797B07-FB21-4B65-BE1A-D0EFB0F86894} = {BC6B82F6-BBA4-4385-A147-E9E9CB3F2992}
		{86D48792-50AD-42E9-A61A-E79B43B9E90E} = {BC6B82F6-BBA4-4385-A147-E9E9CB3F2992}
		{588FC2AE-F110-431C-A537-86107D1F440C} = {BC6B82F6-BBA4-4385-A147-E9E9CB3F2992}
		{C136B4DB-7074-436D-8BE0-EE4546761B97} = {BC6B82F6-BBA4-4385-A147-E9E9CB3F2992}
		{E7E12FB7-F158-41C9-9B11-AAA571B44403} = {BC6B82F6-BBA4-4385-A147-E9E9CB3F2992}
		{DD64ACC6-B606-4928-ACEB-089D9BB4F4D9} = {BC6B82F6-BBA4-4385-A147-E9E9CB3F2992}
		{4C3F738C-6E3B-457C-9578-DF8217A125A0} = {BC6B82F6-BBA4-4385-A147-E9E9CB3F2992}
	EndGlobalSection
	GlobalSection(SolutionConfigurationPlatforms) = preSolution
		Debug|Any CPU = Debug|Any CPU
		Release|Any CPU = Release|Any CPU
	EndGlobalSection
	GlobalSection(ProjectConfigurationPlatforms) = postSolution
		{395475D6-A5CA-4276-8C66-7BC300BB0892}.Debug|Any CPU.ActiveCfg = Debug|Any CPU
		{395475D6-A5CA-4276-8C66-7BC300BB0892}.Debug|Any CPU.Build.0 = Debug|Any CPU
		{395475D6-A5CA-4276-8C66-7BC300BB0892}.Release|Any CPU.ActiveCfg = Release|Any CPU
		{395475D6-A5CA-4276-8C66-7BC300BB0892}.Release|Any CPU.Build.0 = Release|Any CPU
		{CC6EDE14-BB6F-4E95-A3CC-5B92CC6382A7}.Debug|Any CPU.ActiveCfg = Debug|Any CPU
		{CC6EDE14-BB6F-4E95-A3CC-5B92CC6382A7}.Debug|Any CPU.Build.0 = Debug|Any CPU
		{CC6EDE14-BB6F-4E95-A3CC-5B92CC6382A7}.Release|Any CPU.ActiveCfg = Release|Any CPU
		{CC6EDE14-BB6F-4E95-A3CC-5B92CC6382A7}.Release|Any CPU.Build.0 = Release|Any CPU
		{09C8E7CA-7DC2-43DB-906E-8EFC432B694F}.Debug|Any CPU.ActiveCfg = Debug|Any CPU
		{09C8E7CA-7DC2-43DB-906E-8EFC432B694F}.Debug|Any CPU.Build.0 = Debug|Any CPU
		{09C8E7CA-7DC2-43DB-906E-8EFC432B694F}.Release|Any CPU.ActiveCfg = Release|Any CPU
		{09C8E7CA-7DC2-43DB-906E-8EFC432B694F}.Release|Any CPU.Build.0 = Release|Any CPU
		{F5E12D0D-D44E-40B6-85B2-B370619ACA8C}.Debug|Any CPU.ActiveCfg = Debug|Any CPU
		{F5E12D0D-D44E-40B6-85B2-B370619ACA8C}.Debug|Any CPU.Build.0 = Debug|Any CPU
		{F5E12D0D-D44E-40B6-85B2-B370619ACA8C}.Release|Any CPU.ActiveCfg = Release|Any CPU
		{F5E12D0D-D44E-40B6-85B2-B370619ACA8C}.Release|Any CPU.Build.0 = Release|Any CPU
		{2539B9EF-1ACD-4547-A151-2E98B42CD5CE}.Debug|Any CPU.ActiveCfg = Debug|Any CPU
		{2539B9EF-1ACD-4547-A151-2E98B42CD5CE}.Debug|Any CPU.Build.0 = Debug|Any CPU
		{2539B9EF-1ACD-4547-A151-2E98B42CD5CE}.Release|Any CPU.ActiveCfg = Release|Any CPU
		{2539B9EF-1ACD-4547-A151-2E98B42CD5CE}.Release|Any CPU.Build.0 = Release|Any CPU
		{15797B07-FB21-4B65-BE1A-D0EFB0F86894}.Debug|Any CPU.ActiveCfg = Debug|Any CPU
		{15797B07-FB21-4B65-BE1A-D0EFB0F86894}.Debug|Any CPU.Build.0 = Debug|Any CPU
		{15797B07-FB21-4B65-BE1A-D0EFB0F86894}.Release|Any CPU.ActiveCfg = Release|Any CPU
		{15797B07-FB21-4B65-BE1A-D0EFB0F86894}.Release|Any CPU.Build.0 = Release|Any CPU
		{86D48792-50AD-42E9-A61A-E79B43B9E90E}.Debug|Any CPU.ActiveCfg = Debug|Any CPU
		{86D48792-50AD-42E9-A61A-E79B43B9E90E}.Debug|Any CPU.Build.0 = Debug|Any CPU
		{86D48792-50AD-42E9-A61A-E79B43B9E90E}.Release|Any CPU.ActiveCfg = Release|Any CPU
		{86D48792-50AD-42E9-A61A-E79B43B9E90E}.Release|Any CPU.Build.0 = Release|Any CPU
		{588FC2AE-F110-431C-A537-86107D1F440C}.Debug|Any CPU.ActiveCfg = Debug|Any CPU
		{588FC2AE-F110-431C-A537-86107D1F440C}.Debug|Any CPU.Build.0 = Debug|Any CPU
		{588FC2AE-F110-431C-A537-86107D1F440C}.Release|Any CPU.ActiveCfg = Release|Any CPU
		{588FC2AE-F110-431C-A537-86107D1F440C}.Release|Any CPU.Build.0 = Release|Any CPU
		{C136B4DB-7074-436D-8BE0-EE4546761B97}.Debug|Any CPU.ActiveCfg = Debug|Any CPU
		{C136B4DB-7074-436D-8BE0-EE4546761B97}.Debug|Any CPU.Build.0 = Debug|Any CPU
		{C136B4DB-7074-436D-8BE0-EE4546761B97}.Release|Any CPU.ActiveCfg = Release|Any CPU
		{C136B4DB-7074-436D-8BE0-EE4546761B97}.Release|Any CPU.Build.0 = Release|Any CPU
		{E7E12FB7-F158-41C9-9B11-AAA571B44403}.Debug|Any CPU.ActiveCfg = Debug|Any CPU
		{E7E12FB7-F158-41C9-9B11-AAA571B44403}.Debug|Any CPU.Build.0 = Debug|Any CPU
		{E7E12FB7-F158-41C9-9B11-AAA571B44403}.Release|Any CPU.ActiveCfg = Release|Any CPU
		{E7E12FB7-F158-41C9-9B11-AAA571B44403}.Release|Any CPU.Build.0 = Release|Any CPU
		{DD64ACC6-B606-4928-ACEB-089D9BB4F4D9}.Debug|Any CPU.ActiveCfg = Debug|Any CPU
		{DD64ACC6-B606-4928-ACEB-089D9BB4F4D9}.Debug|Any CPU.Build.0 = Debug|Any CPU
		{DD64ACC6-B606-4928-ACEB-089D9BB4F4D9}.Release|Any CPU.ActiveCfg = Release|Any CPU
		{DD64ACC6-B606-4928-ACEB-089D9BB4F4D9}.Release|Any CPU.Build.0 = Release|Any CPU
		{4C3F738C-6E3B-457C-9578-DF8217A125A0}.Debug|Any CPU.ActiveCfg = Debug|Any CPU
		{4C3F738C-6E3B-457C-9578-DF8217A125A0}.Debug|Any CPU.Build.0 = Debug|Any CPU
		{4C3F738C-6E3B-457C-9578-DF8217A125A0}.Release|Any CPU.ActiveCfg = Release|Any CPU
		{4C3F738C-6E3B-457C-9578-DF8217A125A0}.Release|Any CPU.Build.0 = Release|Any CPU
	EndGlobalSection
	GlobalSection(SolutionProperties) = preSolution
		HideSolutionNode = FALSE
	EndGlobalSection
	GlobalSection(ExtensibilityGlobals) = postSolution
		SolutionGuid = {6CC0FB79-7095-4141-B4BE-85F21A817BD9}
	EndGlobalSection
EndGlobal
