
Microsoft Visual Studio Solution File, Format Version 12.00
# Visual Studio Version 17
VisualStudioVersion = 17.2.32630.192
MinimumVisualStudioVersion = 10.0.40219.1
Project("{9A19103F-16F7-4668-BE54-9A1E7A4F7556}") = "R5T.T0201", "R5T.T0201\R5T.T0201.csproj", "{1F934174-6FFB-4436-BB81-390E1CAC58E8}"
EndProject
Project("{2150E333-8FDC-42A3-9474-1A3956D46DE8}") = "_Dependencies", "_Dependencies", "{468E04F9-B0F3-4215-B165-B296A9445049}"
EndProject
Project("{9A19103F-16F7-4668-BE54-9A1E7A4F7556}") = "R5T.T0142", "..\..\R5T.T0142\source\R5T.T0142\R5T.T0142.csproj", "{9275F763-CC2F-4FED-BFD8-FC98FFA3F683}"
EndProject
Project("{9A19103F-16F7-4668-BE54-9A1E7A4F7556}") = "R5T.T0143", "..\..\R5T.T0143\source\R5T.T0143\R5T.T0143.csproj", "{09CD1925-730A-45D4-A4A2-8E3C0F45293E}"
EndProject
Project("{9A19103F-16F7-4668-BE54-9A1E7A4F7556}") = "R5T.T0132", "..\..\R5T.T0132\source\R5T.T0132\R5T.T0132.csproj", "{9089EF10-D1A7-4A31-9857-4496224A26AB}"
EndProject
Project("{9A19103F-16F7-4668-BE54-9A1E7A4F7556}") = "R5T.T0150", "..\..\R5T.T0150\source\R5T.T0150\R5T.T0150.csproj", "{67A59BA3-E87D-4AEE-9551-35BF66DB56D0}"
EndProject
Project("{9A19103F-16F7-4668-BE54-9A1E7A4F7556}") = "R5T.T0151", "..\..\R5T.T0151\source\R5T.T0151\R5T.T0151.csproj", "{A1A62CD3-EA5E-4C29-B2AB-66736DFEEC83}"
EndProject
Project("{9A19103F-16F7-4668-BE54-9A1E7A4F7556}") = "R5T.T0172", "..\..\R5T.T0172\source\R5T.T0172\R5T.T0172.csproj", "{07ED4115-C0FA-4A0E-A5D5-B9DB18CB2771}"
EndProject
Project("{9A19103F-16F7-4668-BE54-9A1E7A4F7556}") = "R5T.T0178", "..\..\R5T.T0178\source\R5T.T0178\R5T.T0178.csproj", "{A7D816C4-D7E3-4A25-9537-3E7BE1FDE21E}"
EndProject
Project("{9A19103F-16F7-4668-BE54-9A1E7A4F7556}") = "R5T.T0179", "..\..\R5T.T0179\source\R5T.T0179\R5T.T0179.csproj", "{F38B66A4-4660-4879-9A26-4B793CA7E9D2}"
EndProject
Project("{9A19103F-16F7-4668-BE54-9A1E7A4F7556}") = "R5T.T0180", "..\..\R5T.T0180\source\R5T.T0180\R5T.T0180.csproj", "{C233644B-AB8A-4C61-9AD3-7A0A7E8D9E61}"
EndProject
Project("{9A19103F-16F7-4668-BE54-9A1E7A4F7556}") = "R5T.T0181", "..\..\R5T.T0181\source\R5T.T0181\R5T.T0181.csproj", "{25765158-5821-427A-BED6-798E50C9BD41}"
EndProject
Global
	GlobalSection(NestedProjects) = preSolution
		{9275F763-CC2F-4FED-BFD8-FC98FFA3F683} = {468E04F9-B0F3-4215-B165-B296A9445049}
		{09CD1925-730A-45D4-A4A2-8E3C0F45293E} = {468E04F9-B0F3-4215-B165-B296A9445049}
		{9089EF10-D1A7-4A31-9857-4496224A26AB} = {468E04F9-B0F3-4215-B165-B296A9445049}
		{67A59BA3-E87D-4AEE-9551-35BF66DB56D0} = {468E04F9-B0F3-4215-B165-B296A9445049}
		{A1A62CD3-EA5E-4C29-B2AB-66736DFEEC83} = {468E04F9-B0F3-4215-B165-B296A9445049}
		{07ED4115-C0FA-4A0E-A5D5-B9DB18CB2771} = {468E04F9-B0F3-4215-B165-B296A9445049}
		{A7D816C4-D7E3-4A25-9537-3E7BE1FDE21E} = {468E04F9-B0F3-4215-B165-B296A9445049}
		{F38B66A4-4660-4879-9A26-4B793CA7E9D2} = {468E04F9-B0F3-4215-B165-B296A9445049}
		{C233644B-AB8A-4C61-9AD3-7A0A7E8D9E61} = {468E04F9-B0F3-4215-B165-B296A9445049}
		{25765158-5821-427A-BED6-798E50C9BD41} = {468E04F9-B0F3-4215-B165-B296A9445049}
	EndGlobalSection
	GlobalSection(SolutionConfigurationPlatforms) = preSolution
		Debug|Any CPU = Debug|Any CPU
		Release|Any CPU = Release|Any CPU
	EndGlobalSection
	GlobalSection(ProjectConfigurationPlatforms) = postSolution
		{1F934174-6FFB-4436-BB81-390E1CAC58E8}.Debug|Any CPU.ActiveCfg = Debug|Any CPU
		{1F934174-6FFB-4436-BB81-390E1CAC58E8}.Debug|Any CPU.Build.0 = Debug|Any CPU
		{1F934174-6FFB-4436-BB81-390E1CAC58E8}.Release|Any CPU.ActiveCfg = Release|Any CPU
		{1F934174-6FFB-4436-BB81-390E1CAC58E8}.Release|Any CPU.Build.0 = Release|Any CPU
		{9275F763-CC2F-4FED-BFD8-FC98FFA3F683}.Debug|Any CPU.ActiveCfg = Debug|Any CPU
		{9275F763-CC2F-4FED-BFD8-FC98FFA3F683}.Debug|Any CPU.Build.0 = Debug|Any CPU
		{9275F763-CC2F-4FED-BFD8-FC98FFA3F683}.Release|Any CPU.ActiveCfg = Release|Any CPU
		{9275F763-CC2F-4FED-BFD8-FC98FFA3F683}.Release|Any CPU.Build.0 = Release|Any CPU
		{09CD1925-730A-45D4-A4A2-8E3C0F45293E}.Debug|Any CPU.ActiveCfg = Debug|Any CPU
		{09CD1925-730A-45D4-A4A2-8E3C0F45293E}.Debug|Any CPU.Build.0 = Debug|Any CPU
		{09CD1925-730A-45D4-A4A2-8E3C0F45293E}.Release|Any CPU.ActiveCfg = Release|Any CPU
		{09CD1925-730A-45D4-A4A2-8E3C0F45293E}.Release|Any CPU.Build.0 = Release|Any CPU
		{9089EF10-D1A7-4A31-9857-4496224A26AB}.Debug|Any CPU.ActiveCfg = Debug|Any CPU
		{9089EF10-D1A7-4A31-9857-4496224A26AB}.Debug|Any CPU.Build.0 = Debug|Any CPU
		{9089EF10-D1A7-4A31-9857-4496224A26AB}.Release|Any CPU.ActiveCfg = Release|Any CPU
		{9089EF10-D1A7-4A31-9857-4496224A26AB}.Release|Any CPU.Build.0 = Release|Any CPU
		{67A59BA3-E87D-4AEE-9551-35BF66DB56D0}.Debug|Any CPU.ActiveCfg = Debug|Any CPU
		{67A59BA3-E87D-4AEE-9551-35BF66DB56D0}.Debug|Any CPU.Build.0 = Debug|Any CPU
		{67A59BA3-E87D-4AEE-9551-35BF66DB56D0}.Release|Any CPU.ActiveCfg = Release|Any CPU
		{67A59BA3-E87D-4AEE-9551-35BF66DB56D0}.Release|Any CPU.Build.0 = Release|Any CPU
		{A1A62CD3-EA5E-4C29-B2AB-66736DFEEC83}.Debug|Any CPU.ActiveCfg = Debug|Any CPU
		{A1A62CD3-EA5E-4C29-B2AB-66736DFEEC83}.Debug|Any CPU.Build.0 = Debug|Any CPU
		{A1A62CD3-EA5E-4C29-B2AB-66736DFEEC83}.Release|Any CPU.ActiveCfg = Release|Any CPU
		{A1A62CD3-EA5E-4C29-B2AB-66736DFEEC83}.Release|Any CPU.Build.0 = Release|Any CPU
		{07ED4115-C0FA-4A0E-A5D5-B9DB18CB2771}.Debug|Any CPU.ActiveCfg = Debug|Any CPU
		{07ED4115-C0FA-4A0E-A5D5-B9DB18CB2771}.Debug|Any CPU.Build.0 = Debug|Any CPU
		{07ED4115-C0FA-4A0E-A5D5-B9DB18CB2771}.Release|Any CPU.ActiveCfg = Release|Any CPU
		{07ED4115-C0FA-4A0E-A5D5-B9DB18CB2771}.Release|Any CPU.Build.0 = Release|Any CPU
		{A7D816C4-D7E3-4A25-9537-3E7BE1FDE21E}.Debug|Any CPU.ActiveCfg = Debug|Any CPU
		{A7D816C4-D7E3-4A25-9537-3E7BE1FDE21E}.Debug|Any CPU.Build.0 = Debug|Any CPU
		{A7D816C4-D7E3-4A25-9537-3E7BE1FDE21E}.Release|Any CPU.ActiveCfg = Release|Any CPU
		{A7D816C4-D7E3-4A25-9537-3E7BE1FDE21E}.Release|Any CPU.Build.0 = Release|Any CPU
		{F38B66A4-4660-4879-9A26-4B793CA7E9D2}.Debug|Any CPU.ActiveCfg = Debug|Any CPU
		{F38B66A4-4660-4879-9A26-4B793CA7E9D2}.Debug|Any CPU.Build.0 = Debug|Any CPU
		{F38B66A4-4660-4879-9A26-4B793CA7E9D2}.Release|Any CPU.ActiveCfg = Release|Any CPU
		{F38B66A4-4660-4879-9A26-4B793CA7E9D2}.Release|Any CPU.Build.0 = Release|Any CPU
		{C233644B-AB8A-4C61-9AD3-7A0A7E8D9E61}.Debug|Any CPU.ActiveCfg = Debug|Any CPU
		{C233644B-AB8A-4C61-9AD3-7A0A7E8D9E61}.Debug|Any CPU.Build.0 = Debug|Any CPU
		{C233644B-AB8A-4C61-9AD3-7A0A7E8D9E61}.Release|Any CPU.ActiveCfg = Release|Any CPU
		{C233644B-AB8A-4C61-9AD3-7A0A7E8D9E61}.Release|Any CPU.Build.0 = Release|Any CPU
		{25765158-5821-427A-BED6-798E50C9BD41}.Debug|Any CPU.ActiveCfg = Debug|Any CPU
		{25765158-5821-427A-BED6-798E50C9BD41}.Debug|Any CPU.Build.0 = Debug|Any CPU
		{25765158-5821-427A-BED6-798E50C9BD41}.Release|Any CPU.ActiveCfg = Release|Any CPU
		{25765158-5821-427A-BED6-798E50C9BD41}.Release|Any CPU.Build.0 = Release|Any CPU
	EndGlobalSection
	GlobalSection(SolutionProperties) = preSolution
		HideSolutionNode = FALSE
	EndGlobalSection
	GlobalSection(ExtensibilityGlobals) = postSolution
		SolutionGuid = {A3E6E21D-A742-45E9-B2B5-766D2F9CE70F}
	EndGlobalSection
EndGlobal
